
Microsoft Visual Studio Solution File, Format Version 12.00
# Visual Studio Version 17
VisualStudioVersion = 17.8.34330.188
MinimumVisualStudioVersion = 10.0.40219.1
Project("{FAE04EC0-301F-11D3-BF4B-00C04F79EFBC}") = "kontrola", "kontrola\kontrola.csproj", "{EA78B1C3-93D6-474C-B310-C800B0F2F44E}"
EndProject
Global
	GlobalSection(SolutionConfigurationPlatforms) = preSolution
		Debug|Any CPU = Debug|Any CPU
		Release|Any CPU = Release|Any CPU
	EndGlobalSection
	GlobalSection(ProjectConfigurationPlatforms) = postSolution
		{EA78B1C3-93D6-474C-B310-C800B0F2F44E}.Debug|Any CPU.ActiveCfg = Debug|Any CPU
		{EA78B1C3-93D6-474C-B310-C800B0F2F44E}.Debug|Any CPU.Build.0 = Debug|Any CPU
		{EA78B1C3-93D6-474C-B310-C800B0F2F44E}.Release|Any CPU.ActiveCfg = Release|Any CPU
		{EA78B1C3-93D6-474C-B310-C800B0F2F44E}.Release|Any CPU.Build.0 = Release|Any CPU
	EndGlobalSection
	GlobalSection(SolutionProperties) = preSolution
		HideSolutionNode = FALSE
	EndGlobalSection
	GlobalSection(ExtensibilityGlobals) = postSolution
		SolutionGuid = {317A86B5-D71B-4757-91BF-51C86D889AF6}
	EndGlobalSection
EndGlobal
